// !$*UTF8*$!
{
	archiveVersion = 1;
	classes = {
	};
	objectVersion = 48;
	objects = {

/* Begin PBXBuildFile section */
		3FA40A199F9450ADD8C00FAA /* libPods-JordanImageSearchTests.a in Frameworks */ = {isa = PBXBuildFile; fileRef = EA881BAD6C65195EC8AB4789 /* libPods-JordanImageSearchTests.a */; };
		5D82DF452066A82600C7408F /* SearchCollectionReusableView.m in Sources */ = {isa = PBXBuildFile; fileRef = 5D82DF442066A82600C7408F /* SearchCollectionReusableView.m */; };
		5D82DF4C2066B5FE00C7408F /* UIColor+Utilities.m in Sources */ = {isa = PBXBuildFile; fileRef = 5D82DF4B2066B5FE00C7408F /* UIColor+Utilities.m */; };
		5D82DF4F2066B93300C7408F /* ImagesDetailViewController.m in Sources */ = {isa = PBXBuildFile; fileRef = 5D82DF4E2066B93300C7408F /* ImagesDetailViewController.m */; };
		5DEA23862066950C00F0FC13 /* AppDelegate.m in Sources */ = {isa = PBXBuildFile; fileRef = 5DEA23852066950C00F0FC13 /* AppDelegate.m */; };
		5DEA238C2066950C00F0FC13 /* Main.storyboard in Resources */ = {isa = PBXBuildFile; fileRef = 5DEA238A2066950C00F0FC13 /* Main.storyboard */; };
		5DEA238E2066950C00F0FC13 /* Assets.xcassets in Resources */ = {isa = PBXBuildFile; fileRef = 5DEA238D2066950C00F0FC13 /* Assets.xcassets */; };
		5DEA23912066950C00F0FC13 /* LaunchScreen.storyboard in Resources */ = {isa = PBXBuildFile; fileRef = 5DEA238F2066950C00F0FC13 /* LaunchScreen.storyboard */; };
		5DEA23942066950C00F0FC13 /* main.m in Sources */ = {isa = PBXBuildFile; fileRef = 5DEA23932066950C00F0FC13 /* main.m */; };
		5DEA239E2066950D00F0FC13 /* JordanImageSearchTests.m in Sources */ = {isa = PBXBuildFile; fileRef = 5DEA239D2066950D00F0FC13 /* JordanImageSearchTests.m */; };
		5DEA23AB2066964E00F0FC13 /* ApiManager.m in Sources */ = {isa = PBXBuildFile; fileRef = 5DEA23AA2066964E00F0FC13 /* ApiManager.m */; };
		5DEA23AF206698B100F0FC13 /* ImagesSearchViewController.m in Sources */ = {isa = PBXBuildFile; fileRef = 5DEA23AE206698B100F0FC13 /* ImagesSearchViewController.m */; };
		5DEA23B320669D0D00F0FC13 /* ImageCollectionViewCell.m in Sources */ = {isa = PBXBuildFile; fileRef = 5DEA23B220669D0D00F0FC13 /* ImageCollectionViewCell.m */; };
		B5FD6A718CEDA664E4E8669C /* libPods-JordanImageSearch.a in Frameworks */ = {isa = PBXBuildFile; fileRef = 64E70D606D1FCE1DB9C1A4B0 /* libPods-JordanImageSearch.a */; };
/* End PBXBuildFile section */

/* Begin PBXContainerItemProxy section */
		5DEA239A2066950D00F0FC13 /* PBXContainerItemProxy */ = {
			isa = PBXContainerItemProxy;
			containerPortal = 5DEA23792066950C00F0FC13 /* Project object */;
			proxyType = 1;
			remoteGlobalIDString = 5DEA23802066950C00F0FC13;
			remoteInfo = JordanImageSearch;
		};
/* End PBXContainerItemProxy section */

/* Begin PBXFileReference section */
		414C4F7D1C587295AE6DC23F /* Pods-JordanImageSearch.debug.xcconfig */ = {isa = PBXFileReference; includeInIndex = 1; lastKnownFileType = text.xcconfig; name = "Pods-JordanImageSearch.debug.xcconfig"; path = "Pods/Target Support Files/Pods-JordanImageSearch/Pods-JordanImageSearch.debug.xcconfig"; sourceTree = "<group>"; };
		5D82DF432066A82600C7408F /* SearchCollectionReusableView.h */ = {isa = PBXFileReference; lastKnownFileType = sourcecode.c.h; path = SearchCollectionReusableView.h; sourceTree = "<group>"; };
		5D82DF442066A82600C7408F /* SearchCollectionReusableView.m */ = {isa = PBXFileReference; lastKnownFileType = sourcecode.c.objc; path = SearchCollectionReusableView.m; sourceTree = "<group>"; };
		5D82DF4A2066B5FE00C7408F /* UIColor+Utilities.h */ = {isa = PBXFileReference; lastKnownFileType = sourcecode.c.h; path = "UIColor+Utilities.h"; sourceTree = "<group>"; };
		5D82DF4B2066B5FE00C7408F /* UIColor+Utilities.m */ = {isa = PBXFileReference; lastKnownFileType = sourcecode.c.objc; path = "UIColor+Utilities.m"; sourceTree = "<group>"; };
		5D82DF4D2066B93300C7408F /* ImagesDetailViewController.h */ = {isa = PBXFileReference; lastKnownFileType = sourcecode.c.h; path = ImagesDetailViewController.h; sourceTree = "<group>"; };
		5D82DF4E2066B93300C7408F /* ImagesDetailViewController.m */ = {isa = PBXFileReference; lastKnownFileType = sourcecode.c.objc; path = ImagesDetailViewController.m; sourceTree = "<group>"; };
		5DEA23812066950C00F0FC13 /* JordanImageSearch.app */ = {isa = PBXFileReference; explicitFileType = wrapper.application; includeInIndex = 0; path = JordanImageSearch.app; sourceTree = BUILT_PRODUCTS_DIR; };
		5DEA23842066950C00F0FC13 /* AppDelegate.h */ = {isa = PBXFileReference; lastKnownFileType = sourcecode.c.h; path = AppDelegate.h; sourceTree = "<group>"; };
		5DEA23852066950C00F0FC13 /* AppDelegate.m */ = {isa = PBXFileReference; lastKnownFileType = sourcecode.c.objc; path = AppDelegate.m; sourceTree = "<group>"; };
		5DEA238B2066950C00F0FC13 /* Base */ = {isa = PBXFileReference; lastKnownFileType = file.storyboard; name = Base; path = Base.lproj/Main.storyboard; sourceTree = "<group>"; };
		5DEA238D2066950C00F0FC13 /* Assets.xcassets */ = {isa = PBXFileReference; lastKnownFileType = folder.assetcatalog; path = Assets.xcassets; sourceTree = "<group>"; };
		5DEA23902066950C00F0FC13 /* Base */ = {isa = PBXFileReference; lastKnownFileType = file.storyboard; name = Base; path = Base.lproj/LaunchScreen.storyboard; sourceTree = "<group>"; };
		5DEA23922066950C00F0FC13 /* Info.plist */ = {isa = PBXFileReference; lastKnownFileType = text.plist.xml; path = Info.plist; sourceTree = "<group>"; };
		5DEA23932066950C00F0FC13 /* main.m */ = {isa = PBXFileReference; lastKnownFileType = sourcecode.c.objc; path = main.m; sourceTree = "<group>"; };
		5DEA23992066950D00F0FC13 /* JordanImageSearchTests.xctest */ = {isa = PBXFileReference; explicitFileType = wrapper.cfbundle; includeInIndex = 0; path = JordanImageSearchTests.xctest; sourceTree = BUILT_PRODUCTS_DIR; };
		5DEA239D2066950D00F0FC13 /* JordanImageSearchTests.m */ = {isa = PBXFileReference; lastKnownFileType = sourcecode.c.objc; path = JordanImageSearchTests.m; sourceTree = "<group>"; };
		5DEA239F2066950D00F0FC13 /* Info.plist */ = {isa = PBXFileReference; lastKnownFileType = text.plist.xml; path = Info.plist; sourceTree = "<group>"; };
		5DEA23A92066964E00F0FC13 /* ApiManager.h */ = {isa = PBXFileReference; lastKnownFileType = sourcecode.c.h; path = ApiManager.h; sourceTree = "<group>"; };
		5DEA23AA2066964E00F0FC13 /* ApiManager.m */ = {isa = PBXFileReference; lastKnownFileType = sourcecode.c.objc; path = ApiManager.m; sourceTree = "<group>"; };
		5DEA23AD206698B100F0FC13 /* ImagesSearchViewController.h */ = {isa = PBXFileReference; lastKnownFileType = sourcecode.c.h; path = ImagesSearchViewController.h; sourceTree = "<group>"; };
		5DEA23AE206698B100F0FC13 /* ImagesSearchViewController.m */ = {isa = PBXFileReference; lastKnownFileType = sourcecode.c.objc; path = ImagesSearchViewController.m; sourceTree = "<group>"; };
		5DEA23B120669D0D00F0FC13 /* ImageCollectionViewCell.h */ = {isa = PBXFileReference; lastKnownFileType = sourcecode.c.h; path = ImageCollectionViewCell.h; sourceTree = "<group>"; };
		5DEA23B220669D0D00F0FC13 /* ImageCollectionViewCell.m */ = {isa = PBXFileReference; lastKnownFileType = sourcecode.c.objc; path = ImageCollectionViewCell.m; sourceTree = "<group>"; };
		64E70D606D1FCE1DB9C1A4B0 /* libPods-JordanImageSearch.a */ = {isa = PBXFileReference; explicitFileType = archive.ar; includeInIndex = 0; path = "libPods-JordanImageSearch.a"; sourceTree = BUILT_PRODUCTS_DIR; };
		B87DEEDF07093AB01C213D4F /* Pods-JordanImageSearchTests.release.xcconfig */ = {isa = PBXFileReference; includeInIndex = 1; lastKnownFileType = text.xcconfig; name = "Pods-JordanImageSearchTests.release.xcconfig"; path = "Pods/Target Support Files/Pods-JordanImageSearchTests/Pods-JordanImageSearchTests.release.xcconfig"; sourceTree = "<group>"; };
		C12AF4FB30EC23ED9A794728 /* Pods-JordanImageSearch.release.xcconfig */ = {isa = PBXFileReference; includeInIndex = 1; lastKnownFileType = text.xcconfig; name = "Pods-JordanImageSearch.release.xcconfig"; path = "Pods/Target Support Files/Pods-JordanImageSearch/Pods-JordanImageSearch.release.xcconfig"; sourceTree = "<group>"; };
		DDFAD543FCDA60766C8B532A /* Pods-JordanImageSearchTests.debug.xcconfig */ = {isa = PBXFileReference; includeInIndex = 1; lastKnownFileType = text.xcconfig; name = "Pods-JordanImageSearchTests.debug.xcconfig"; path = "Pods/Target Support Files/Pods-JordanImageSearchTests/Pods-JordanImageSearchTests.debug.xcconfig"; sourceTree = "<group>"; };
		EA881BAD6C65195EC8AB4789 /* libPods-JordanImageSearchTests.a */ = {isa = PBXFileReference; explicitFileType = archive.ar; includeInIndex = 0; path = "libPods-JordanImageSearchTests.a"; sourceTree = BUILT_PRODUCTS_DIR; };
/* End PBXFileReference section */

/* Begin PBXFrameworksBuildPhase section */
		5DEA237E2066950C00F0FC13 /* Frameworks */ = {
			isa = PBXFrameworksBuildPhase;
			buildActionMask = 2147483647;
			files = (
				B5FD6A718CEDA664E4E8669C /* libPods-JordanImageSearch.a in Frameworks */,
			);
			runOnlyForDeploymentPostprocessing = 0;
		};
		5DEA23962066950D00F0FC13 /* Frameworks */ = {
			isa = PBXFrameworksBuildPhase;
			buildActionMask = 2147483647;
			files = (
				3FA40A199F9450ADD8C00FAA /* libPods-JordanImageSearchTests.a in Frameworks */,
			);
			runOnlyForDeploymentPostprocessing = 0;
		};
/* End PBXFrameworksBuildPhase section */

/* Begin PBXGroup section */
		0C6637DC2276A9AB270D6A18 /* Pods */ = {
			isa = PBXGroup;
			children = (
				414C4F7D1C587295AE6DC23F /* Pods-JordanImageSearch.debug.xcconfig */,
				C12AF4FB30EC23ED9A794728 /* Pods-JordanImageSearch.release.xcconfig */,
				DDFAD543FCDA60766C8B532A /* Pods-JordanImageSearchTests.debug.xcconfig */,
				B87DEEDF07093AB01C213D4F /* Pods-JordanImageSearchTests.release.xcconfig */,
			);
			name = Pods;
			sourceTree = "<group>";
		};
		1126860E610C9782E61842E6 /* Frameworks */ = {
			isa = PBXGroup;
			children = (
				64E70D606D1FCE1DB9C1A4B0 /* libPods-JordanImageSearch.a */,
				EA881BAD6C65195EC8AB4789 /* libPods-JordanImageSearchTests.a */,
			);
			name = Frameworks;
			sourceTree = "<group>";
		};
		5D82DF492066B5E900C7408F /* Utilities */ = {
			isa = PBXGroup;
			children = (
				5D82DF4A2066B5FE00C7408F /* UIColor+Utilities.h */,
				5D82DF4B2066B5FE00C7408F /* UIColor+Utilities.m */,
			);
			path = Utilities;
			sourceTree = "<group>";
		};
		5DEA23782066950C00F0FC13 = {
			isa = PBXGroup;
			children = (
				5DEA23832066950C00F0FC13 /* JordanImageSearch */,
				5DEA239C2066950D00F0FC13 /* JordanImageSearchTests */,
				5DEA23822066950C00F0FC13 /* Products */,
				0C6637DC2276A9AB270D6A18 /* Pods */,
				1126860E610C9782E61842E6 /* Frameworks */,
			);
			sourceTree = "<group>";
		};
		5DEA23822066950C00F0FC13 /* Products */ = {
			isa = PBXGroup;
			children = (
				5DEA23812066950C00F0FC13 /* JordanImageSearch.app */,
				5DEA23992066950D00F0FC13 /* JordanImageSearchTests.xctest */,
			);
			name = Products;
			sourceTree = "<group>";
		};
		5DEA23832066950C00F0FC13 /* JordanImageSearch */ = {
			isa = PBXGroup;
			children = (
				5DEA23B020669CDB00F0FC13 /* Views */,
				5DEA23AC2066985E00F0FC13 /* Controllers */,
				5DEA23A82066962F00F0FC13 /* Managers */,
				5D82DF492066B5E900C7408F /* Utilities */,
				5DEA23842066950C00F0FC13 /* AppDelegate.h */,
				5DEA23852066950C00F0FC13 /* AppDelegate.m */,
				5DEA238A2066950C00F0FC13 /* Main.storyboard */,
				5DEA238D2066950C00F0FC13 /* Assets.xcassets */,
				5DEA238F2066950C00F0FC13 /* LaunchScreen.storyboard */,
				5DEA23922066950C00F0FC13 /* Info.plist */,
				5DEA23932066950C00F0FC13 /* main.m */,
			);
			path = JordanImageSearch;
			sourceTree = "<group>";
		};
		5DEA239C2066950D00F0FC13 /* JordanImageSearchTests */ = {
			isa = PBXGroup;
			children = (
				5DEA239D2066950D00F0FC13 /* JordanImageSearchTests.m */,
				5DEA239F2066950D00F0FC13 /* Info.plist */,
			);
			path = JordanImageSearchTests;
			sourceTree = "<group>";
		};
		5DEA23A82066962F00F0FC13 /* Managers */ = {
			isa = PBXGroup;
			children = (
				5DEA23A92066964E00F0FC13 /* ApiManager.h */,
				5DEA23AA2066964E00F0FC13 /* ApiManager.m */,
			);
			path = Managers;
			sourceTree = "<group>";
		};
		5DEA23AC2066985E00F0FC13 /* Controllers */ = {
			isa = PBXGroup;
			children = (
				5DEA23AD206698B100F0FC13 /* ImagesSearchViewController.h */,
				5DEA23AE206698B100F0FC13 /* ImagesSearchViewController.m */,
				5D82DF4D2066B93300C7408F /* ImagesDetailViewController.h */,
				5D82DF4E2066B93300C7408F /* ImagesDetailViewController.m */,
			);
			path = Controllers;
			sourceTree = "<group>";
		};
		5DEA23B020669CDB00F0FC13 /* Views */ = {
			isa = PBXGroup;
			children = (
				5DEA23B120669D0D00F0FC13 /* ImageCollectionViewCell.h */,
				5DEA23B220669D0D00F0FC13 /* ImageCollectionViewCell.m */,
				5D82DF432066A82600C7408F /* SearchCollectionReusableView.h */,
				5D82DF442066A82600C7408F /* SearchCollectionReusableView.m */,
			);
			path = Views;
			sourceTree = "<group>";
		};
/* End PBXGroup section */

/* Begin PBXNativeTarget section */
		5DEA23802066950C00F0FC13 /* JordanImageSearch */ = {
			isa = PBXNativeTarget;
			buildConfigurationList = 5DEA23A22066950D00F0FC13 /* Build configuration list for PBXNativeTarget "JordanImageSearch" */;
			buildPhases = (
				4BDDC5DC5D58676E7EC0388C /* [CP] Check Pods Manifest.lock */,
				5DEA237D2066950C00F0FC13 /* Sources */,
				5DEA237E2066950C00F0FC13 /* Frameworks */,
				5DEA237F2066950C00F0FC13 /* Resources */,
				DF5F40BFE65186E710A8F311 /* [CP] Embed Pods Frameworks */,
				3693858AABC69C0C4C4C0C4F /* [CP] Copy Pods Resources */,
			);
			buildRules = (
			);
			dependencies = (
			);
			name = JordanImageSearch;
			productName = JordanImageSearch;
			productReference = 5DEA23812066950C00F0FC13 /* JordanImageSearch.app */;
			productType = "com.apple.product-type.application";
		};
		5DEA23982066950D00F0FC13 /* JordanImageSearchTests */ = {
			isa = PBXNativeTarget;
			buildConfigurationList = 5DEA23A52066950D00F0FC13 /* Build configuration list for PBXNativeTarget "JordanImageSearchTests" */;
			buildPhases = (
				F88FBCDF0488E995499A8965 /* [CP] Check Pods Manifest.lock */,
				5DEA23952066950D00F0FC13 /* Sources */,
				5DEA23962066950D00F0FC13 /* Frameworks */,
				5DEA23972066950D00F0FC13 /* Resources */,
				06D218D2F20D5DAA8E06B65D /* [CP] Embed Pods Frameworks */,
				42028C2E26415CB0176864CC /* [CP] Copy Pods Resources */,
			);
			buildRules = (
			);
			dependencies = (
				5DEA239B2066950D00F0FC13 /* PBXTargetDependency */,
			);
			name = JordanImageSearchTests;
			productName = JordanImageSearchTests;
			productReference = 5DEA23992066950D00F0FC13 /* JordanImageSearchTests.xctest */;
			productType = "com.apple.product-type.bundle.unit-test";
		};
/* End PBXNativeTarget section */

/* Begin PBXProject section */
		5DEA23792066950C00F0FC13 /* Project object */ = {
			isa = PBXProject;
			attributes = {
				LastUpgradeCheck = 0920;
				ORGANIZATIONNAME = JDN;
				TargetAttributes = {
					5DEA23802066950C00F0FC13 = {
						CreatedOnToolsVersion = 9.2;
						ProvisioningStyle = Automatic;
					};
					5DEA23982066950D00F0FC13 = {
						CreatedOnToolsVersion = 9.2;
						ProvisioningStyle = Automatic;
						TestTargetID = 5DEA23802066950C00F0FC13;
					};
				};
			};
			buildConfigurationList = 5DEA237C2066950C00F0FC13 /* Build configuration list for PBXProject "JordanImageSearch" */;
			compatibilityVersion = "Xcode 8.0";
			developmentRegion = en;
			hasScannedForEncodings = 0;
			knownRegions = (
				en,
				Base,
			);
			mainGroup = 5DEA23782066950C00F0FC13;
			productRefGroup = 5DEA23822066950C00F0FC13 /* Products */;
			projectDirPath = "";
			projectRoot = "";
			targets = (
				5DEA23802066950C00F0FC13 /* JordanImageSearch */,
				5DEA23982066950D00F0FC13 /* JordanImageSearchTests */,
			);
		};
/* End PBXProject section */

/* Begin PBXResourcesBuildPhase section */
		5DEA237F2066950C00F0FC13 /* Resources */ = {
			isa = PBXResourcesBuildPhase;
			buildActionMask = 2147483647;
			files = (
				5DEA23912066950C00F0FC13 /* LaunchScreen.storyboard in Resources */,
				5DEA238E2066950C00F0FC13 /* Assets.xcassets in Resources */,
				5DEA238C2066950C00F0FC13 /* Main.storyboard in Resources */,
			);
			runOnlyForDeploymentPostprocessing = 0;
		};
		5DEA23972066950D00F0FC13 /* Resources */ = {
			isa = PBXResourcesBuildPhase;
			buildActionMask = 2147483647;
			files = (
			);
			runOnlyForDeploymentPostprocessing = 0;
		};
/* End PBXResourcesBuildPhase section */

/* Begin PBXShellScriptBuildPhase section */
		06D218D2F20D5DAA8E06B65D /* [CP] Embed Pods Frameworks */ = {
			isa = PBXShellScriptBuildPhase;
			buildActionMask = 2147483647;
			files = (
			);
			inputPaths = (
			);
			name = "[CP] Embed Pods Frameworks";
			outputPaths = (
			);
			runOnlyForDeploymentPostprocessing = 0;
			shellPath = /bin/sh;
			shellScript = "\"${SRCROOT}/Pods/Target Support Files/Pods-JordanImageSearchTests/Pods-JordanImageSearchTests-frameworks.sh\"\n";
			showEnvVarsInLog = 0;
		};
		3693858AABC69C0C4C4C0C4F /* [CP] Copy Pods Resources */ = {
			isa = PBXShellScriptBuildPhase;
			buildActionMask = 2147483647;
			files = (
			);
			inputPaths = (
			);
			name = "[CP] Copy Pods Resources";
			outputPaths = (
			);
			runOnlyForDeploymentPostprocessing = 0;
			shellPath = /bin/sh;
			shellScript = "\"${SRCROOT}/Pods/Target Support Files/Pods-JordanImageSearch/Pods-JordanImageSearch-resources.sh\"\n";
			showEnvVarsInLog = 0;
		};
		42028C2E26415CB0176864CC /* [CP] Copy Pods Resources */ = {
			isa = PBXShellScriptBuildPhase;
			buildActionMask = 2147483647;
			files = (
			);
			inputPaths = (
			);
			name = "[CP] Copy Pods Resources";
			outputPaths = (
			);
			runOnlyForDeploymentPostprocessing = 0;
			shellPath = /bin/sh;
			shellScript = "\"${SRCROOT}/Pods/Target Support Files/Pods-JordanImageSearchTests/Pods-JordanImageSearchTests-resources.sh\"\n";
			showEnvVarsInLog = 0;
		};
		4BDDC5DC5D58676E7EC0388C /* [CP] Check Pods Manifest.lock */ = {
			isa = PBXShellScriptBuildPhase;
			buildActionMask = 2147483647;
			files = (
			);
			inputPaths = (
				"${PODS_PODFILE_DIR_PATH}/Podfile.lock",
				"${PODS_ROOT}/Manifest.lock",
			);
			name = "[CP] Check Pods Manifest.lock";
			outputPaths = (
				"$(DERIVED_FILE_DIR)/Pods-JordanImageSearch-checkManifestLockResult.txt",
			);
			runOnlyForDeploymentPostprocessing = 0;
			shellPath = /bin/sh;
			shellScript = "diff \"${PODS_PODFILE_DIR_PATH}/Podfile.lock\" \"${PODS_ROOT}/Manifest.lock\" > /dev/null\nif [ $? != 0 ] ; then\n    # print error to STDERR\n    echo \"error: The sandbox is not in sync with the Podfile.lock. Run 'pod install' or update your CocoaPods installation.\" >&2\n    exit 1\nfi\n# This output is used by Xcode 'outputs' to avoid re-running this script phase.\necho \"SUCCESS\" > \"${SCRIPT_OUTPUT_FILE_0}\"\n";
			showEnvVarsInLog = 0;
		};
		DF5F40BFE65186E710A8F311 /* [CP] Embed Pods Frameworks */ = {
			isa = PBXShellScriptBuildPhase;
			buildActionMask = 2147483647;
			files = (
			);
			inputPaths = (
			);
			name = "[CP] Embed Pods Frameworks";
			outputPaths = (
			);
			runOnlyForDeploymentPostprocessing = 0;
			shellPath = /bin/sh;
			shellScript = "\"${SRCROOT}/Pods/Target Support Files/Pods-JordanImageSearch/Pods-JordanImageSearch-frameworks.sh\"\n";
			showEnvVarsInLog = 0;
		};
		F88FBCDF0488E995499A8965 /* [CP] Check Pods Manifest.lock */ = {
			isa = PBXShellScriptBuildPhase;
			buildActionMask = 2147483647;
			files = (
			);
			inputPaths = (
				"${PODS_PODFILE_DIR_PATH}/Podfile.lock",
				"${PODS_ROOT}/Manifest.lock",
			);
			name = "[CP] Check Pods Manifest.lock";
			outputPaths = (
				"$(DERIVED_FILE_DIR)/Pods-JordanImageSearchTests-checkManifestLockResult.txt",
			);
			runOnlyForDeploymentPostprocessing = 0;
			shellPath = /bin/sh;
			shellScript = "diff \"${PODS_PODFILE_DIR_PATH}/Podfile.lock\" \"${PODS_ROOT}/Manifest.lock\" > /dev/null\nif [ $? != 0 ] ; then\n    # print error to STDERR\n    echo \"error: The sandbox is not in sync with the Podfile.lock. Run 'pod install' or update your CocoaPods installation.\" >&2\n    exit 1\nfi\n# This output is used by Xcode 'outputs' to avoid re-running this script phase.\necho \"SUCCESS\" > \"${SCRIPT_OUTPUT_FILE_0}\"\n";
			showEnvVarsInLog = 0;
		};
/* End PBXShellScriptBuildPhase section */

/* Begin PBXSourcesBuildPhase section */
		5DEA237D2066950C00F0FC13 /* Sources */ = {
			isa = PBXSourcesBuildPhase;
			buildActionMask = 2147483647;
			files = (
				5DEA23AB2066964E00F0FC13 /* ApiManager.m in Sources */,
				5DEA23942066950C00F0FC13 /* main.m in Sources */,
				5DEA23B320669D0D00F0FC13 /* ImageCollectionViewCell.m in Sources */,
				5D82DF452066A82600C7408F /* SearchCollectionReusableView.m in Sources */,
				5DEA23AF206698B100F0FC13 /* ImagesSearchViewController.m in Sources */,
				5D82DF4C2066B5FE00C7408F /* UIColor+Utilities.m in Sources */,
				5DEA23862066950C00F0FC13 /* AppDelegate.m in Sources */,
				5D82DF4F2066B93300C7408F /* ImagesDetailViewController.m in Sources */,
			);
			runOnlyForDeploymentPostprocessing = 0;
		};
		5DEA23952066950D00F0FC13 /* Sources */ = {
			isa = PBXSourcesBuildPhase;
			buildActionMask = 2147483647;
			files = (
				5DEA239E2066950D00F0FC13 /* JordanImageSearchTests.m in Sources */,
			);
			runOnlyForDeploymentPostprocessing = 0;
		};
/* End PBXSourcesBuildPhase section */

/* Begin PBXTargetDependency section */
		5DEA239B2066950D00F0FC13 /* PBXTargetDependency */ = {
			isa = PBXTargetDependency;
			target = 5DEA23802066950C00F0FC13 /* JordanImageSearch */;
			targetProxy = 5DEA239A2066950D00F0FC13 /* PBXContainerItemProxy */;
		};
/* End PBXTargetDependency section */

/* Begin PBXVariantGroup section */
		5DEA238A2066950C00F0FC13 /* Main.storyboard */ = {
			isa = PBXVariantGroup;
			children = (
				5DEA238B2066950C00F0FC13 /* Base */,
			);
			name = Main.storyboard;
			sourceTree = "<group>";
		};
		5DEA238F2066950C00F0FC13 /* LaunchScreen.storyboard */ = {
			isa = PBXVariantGroup;
			children = (
				5DEA23902066950C00F0FC13 /* Base */,
			);
			name = LaunchScreen.storyboard;
			sourceTree = "<group>";
		};
/* End PBXVariantGroup section */

/* Begin XCBuildConfiguration section */
		5DEA23A02066950D00F0FC13 /* Debug */ = {
			isa = XCBuildConfiguration;
			buildSettings = {
				ALWAYS_SEARCH_USER_PATHS = NO;
				CLANG_ANALYZER_NONNULL = YES;
				CLANG_ANALYZER_NUMBER_OBJECT_CONVERSION = YES_AGGRESSIVE;
				CLANG_CXX_LANGUAGE_STANDARD = "gnu++14";
				CLANG_CXX_LIBRARY = "libc++";
				CLANG_ENABLE_MODULES = YES;
				CLANG_ENABLE_OBJC_ARC = YES;
				CLANG_WARN_BLOCK_CAPTURE_AUTORELEASING = YES;
				CLANG_WARN_BOOL_CONVERSION = YES;
				CLANG_WARN_COMMA = YES;
				CLANG_WARN_CONSTANT_CONVERSION = YES;
				CLANG_WARN_DIRECT_OBJC_ISA_USAGE = YES_ERROR;
				CLANG_WARN_DOCUMENTATION_COMMENTS = YES;
				CLANG_WARN_EMPTY_BODY = YES;
				CLANG_WARN_ENUM_CONVERSION = YES;
				CLANG_WARN_INFINITE_RECURSION = YES;
				CLANG_WARN_INT_CONVERSION = YES;
				CLANG_WARN_NON_LITERAL_NULL_CONVERSION = YES;
				CLANG_WARN_OBJC_LITERAL_CONVERSION = YES;
				CLANG_WARN_OBJC_ROOT_CLASS = YES_ERROR;
				CLANG_WARN_RANGE_LOOP_ANALYSIS = YES;
				CLANG_WARN_STRICT_PROTOTYPES = YES;
				CLANG_WARN_SUSPICIOUS_MOVE = YES;
				CLANG_WARN_UNGUARDED_AVAILABILITY = YES_AGGRESSIVE;
				CLANG_WARN_UNREACHABLE_CODE = YES;
				CLANG_WARN__DUPLICATE_METHOD_MATCH = YES;
				CODE_SIGN_IDENTITY = "iPhone Developer";
				COPY_PHASE_STRIP = NO;
				DEBUG_INFORMATION_FORMAT = dwarf;
				ENABLE_STRICT_OBJC_MSGSEND = YES;
				ENABLE_TESTABILITY = YES;
				GCC_C_LANGUAGE_STANDARD = gnu11;
				GCC_DYNAMIC_NO_PIC = NO;
				GCC_NO_COMMON_BLOCKS = YES;
				GCC_OPTIMIZATION_LEVEL = 0;
				GCC_PREPROCESSOR_DEFINITIONS = (
					"DEBUG=1",
					"$(inherited)",
				);
				GCC_WARN_64_TO_32_BIT_CONVERSION = YES;
				GCC_WARN_ABOUT_RETURN_TYPE = YES_ERROR;
				GCC_WARN_UNDECLARED_SELECTOR = YES;
				GCC_WARN_UNINITIALIZED_AUTOS = YES_AGGRESSIVE;
				GCC_WARN_UNUSED_FUNCTION = YES;
				GCC_WARN_UNUSED_VARIABLE = YES;
				IPHONEOS_DEPLOYMENT_TARGET = 11.2;
				MTL_ENABLE_DEBUG_INFO = YES;
				ONLY_ACTIVE_ARCH = YES;
				SDKROOT = iphoneos;
			};
			name = Debug;
		};
		5DEA23A12066950D00F0FC13 /* Release */ = {
			isa = XCBuildConfiguration;
			buildSettings = {
				ALWAYS_SEARCH_USER_PATHS = NO;
				CLANG_ANALYZER_NONNULL = YES;
				CLANG_ANALYZER_NUMBER_OBJECT_CONVERSION = YES_AGGRESSIVE;
				CLANG_CXX_LANGUAGE_STANDARD = "gnu++14";
				CLANG_CXX_LIBRARY = "libc++";
				CLANG_ENABLE_MODULES = YES;
				CLANG_ENABLE_OBJC_ARC = YES;
				CLANG_WARN_BLOCK_CAPTURE_AUTORELEASING = YES;
				CLANG_WARN_BOOL_CONVERSION = YES;
				CLANG_WARN_COMMA = YES;
				CLANG_WARN_CONSTANT_CONVERSION = YES;
				CLANG_WARN_DIRECT_OBJC_ISA_USAGE = YES_ERROR;
				CLANG_WARN_DOCUMENTATION_COMMENTS = YES;
				CLANG_WARN_EMPTY_BODY = YES;
				CLANG_WARN_ENUM_CONVERSION = YES;
				CLANG_WARN_INFINITE_RECURSION = YES;
				CLANG_WARN_INT_CONVERSION = YES;
				CLANG_WARN_NON_LITERAL_NULL_CONVERSION = YES;
				CLANG_WARN_OBJC_LITERAL_CONVERSION = YES;
				CLANG_WARN_OBJC_ROOT_CLASS = YES_ERROR;
				CLANG_WARN_RANGE_LOOP_ANALYSIS = YES;
				CLANG_WARN_STRICT_PROTOTYPES = YES;
				CLANG_WARN_SUSPICIOUS_MOVE = YES;
				CLANG_WARN_UNGUARDED_AVAILABILITY = YES_AGGRESSIVE;
				CLANG_WARN_UNREACHABLE_CODE = YES;
				CLANG_WARN__DUPLICATE_METHOD_MATCH = YES;
				CODE_SIGN_IDENTITY = "iPhone Developer";
				COPY_PHASE_STRIP = NO;
				DEBUG_INFORMATION_FORMAT = "dwarf-with-dsym";
				ENABLE_NS_ASSERTIONS = NO;
				ENABLE_STRICT_OBJC_MSGSEND = YES;
				GCC_C_LANGUAGE_STANDARD = gnu11;
				GCC_NO_COMMON_BLOCKS = YES;
				GCC_WARN_64_TO_32_BIT_CONVERSION = YES;
				GCC_WARN_ABOUT_RETURN_TYPE = YES_ERROR;
				GCC_WARN_UNDECLARED_SELECTOR = YES;
				GCC_WARN_UNINITIALIZED_AUTOS = YES_AGGRESSIVE;
				GCC_WARN_UNUSED_FUNCTION = YES;
				GCC_WARN_UNUSED_VARIABLE = YES;
				IPHONEOS_DEPLOYMENT_TARGET = 11.2;
				MTL_ENABLE_DEBUG_INFO = NO;
				SDKROOT = iphoneos;
				VALIDATE_PRODUCT = YES;
			};
			name = Release;
		};
		5DEA23A32066950D00F0FC13 /* Debug */ = {
			isa = XCBuildConfiguration;
			baseConfigurationReference = 414C4F7D1C587295AE6DC23F /* Pods-JordanImageSearch.debug.xcconfig */;
			buildSettings = {
				ASSETCATALOG_COMPILER_APPICON_NAME = AppIcon;
				CODE_SIGN_STYLE = Automatic;
				DEVELOPMENT_TEAM = YDJUX2GJN8;
				INFOPLIST_FILE = JordanImageSearch/Info.plist;
				LD_RUNPATH_SEARCH_PATHS = "$(inherited) @executable_path/Frameworks";
				PRODUCT_BUNDLE_IDENTIFIER = com.JDN.JordanImageSearch;
				PRODUCT_NAME = "$(TARGET_NAME)";
				TARGETED_DEVICE_FAMILY = "1,2";
			};
			name = Debug;
		};
		5DEA23A42066950D00F0FC13 /* Release */ = {
			isa = XCBuildConfiguration;
			baseConfigurationReference = C12AF4FB30EC23ED9A794728 /* Pods-JordanImageSearch.release.xcconfig */;
			buildSettings = {
				ASSETCATALOG_COMPILER_APPICON_NAME = AppIcon;
				CODE_SIGN_STYLE = Automatic;
				DEVELOPMENT_TEAM = YDJUX2GJN8;
				INFOPLIST_FILE = JordanImageSearch/Info.plist;
				LD_RUNPATH_SEARCH_PATHS = "$(inherited) @executable_path/Frameworks";
				PRODUCT_BUNDLE_IDENTIFIER = com.JDN.JordanImageSearch;
				PRODUCT_NAME = "$(TARGET_NAME)";
				TARGETED_DEVICE_FAMILY = "1,2";
			};
			name = Release;
		};
		5DEA23A62066950D00F0FC13 /* Debug */ = {
			isa = XCBuildConfiguration;
			baseConfigurationReference = DDFAD543FCDA60766C8B532A /* Pods-JordanImageSearchTests.debug.xcconfig */;
			buildSettings = {
				BUNDLE_LOADER = "$(TEST_HOST)";
				CODE_SIGN_STYLE = Automatic;
				DEVELOPMENT_TEAM = YDJUX2GJN8;
				INFOPLIST_FILE = JordanImageSearchTests/Info.plist;
				LD_RUNPATH_SEARCH_PATHS = "$(inherited) @executable_path/Frameworks @loader_path/Frameworks";
				PRODUCT_BUNDLE_IDENTIFIER = com.JDN.JordanImageSearchTests;
				PRODUCT_NAME = "$(TARGET_NAME)";
				TARGETED_DEVICE_FAMILY = "1,2";
				TEST_HOST = "$(BUILT_PRODUCTS_DIR)/JordanImageSearch.app/JordanImageSearch";
			};
			name = Debug;
		};
		5DEA23A72066950D00F0FC13 /* Release */ = {
			isa = XCBuildConfiguration;
			baseConfigurationReference = B87DEEDF07093AB01C213D4F /* Pods-JordanImageSearchTests.release.xcconfig */;
			buildSettings = {
				BUNDLE_LOADER = "$(TEST_HOST)";
				CODE_SIGN_STYLE = Automatic;
				DEVELOPMENT_TEAM = YDJUX2GJN8;
				INFOPLIST_FILE = JordanImageSearchTests/Info.plist;
				LD_RUNPATH_SEARCH_PATHS = "$(inherited) @executable_path/Frameworks @loader_path/Frameworks";
				PRODUCT_BUNDLE_IDENTIFIER = com.JDN.JordanImageSearchTests;
				PRODUCT_NAME = "$(TARGET_NAME)";
				TARGETED_DEVICE_FAMILY = "1,2";
				TEST_HOST = "$(BUILT_PRODUCTS_DIR)/JordanImageSearch.app/JordanImageSearch";
			};
			name = Release;
		};
/* End XCBuildConfiguration section */

/* Begin XCConfigurationList section */
		5DEA237C2066950C00F0FC13 /* Build configuration list for PBXProject "JordanImageSearch" */ = {
			isa = XCConfigurationList;
			buildConfigurations = (
				5DEA23A02066950D00F0FC13 /* Debug */,
				5DEA23A12066950D00F0FC13 /* Release */,
			);
			defaultConfigurationIsVisible = 0;
			defaultConfigurationName = Release;
		};
		5DEA23A22066950D00F0FC13 /* Build configuration list for PBXNativeTarget "JordanImageSearch" */ = {
			isa = XCConfigurationList;
			buildConfigurations = (
				5DEA23A32066950D00F0FC13 /* Debug */,
				5DEA23A42066950D00F0FC13 /* Release */,
			);
			defaultConfigurationIsVisible = 0;
			defaultConfigurationName = Release;
		};
		5DEA23A52066950D00F0FC13 /* Build configuration list for PBXNativeTarget "JordanImageSearchTests" */ = {
			isa = XCConfigurationList;
			buildConfigurations = (
				5DEA23A62066950D00F0FC13 /* Debug */,
				5DEA23A72066950D00F0FC13 /* Release */,
			);
			defaultConfigurationIsVisible = 0;
			defaultConfigurationName = Release;
		};
/* End XCConfigurationList section */
	};
	rootObject = 5DEA23792066950C00F0FC13 /* Project object */;
}
